Microsoft Visual Studio Solution File, Format Version 12.00
# Visual Studio Version 17
VisualStudioVersion = 17.0.31903.59
MinimumVisualStudioVersion = 10.0.40219.1
Project("{2150E333-8FDC-42A3-9474-1A3956D46DE8}") = "src", "src", "{9A19103F-16F7-4668-BE54-9A1E7A4F7556}"
EndProject
Project("{FAE04EC0-301F-11D3-BF4B-00C04F79EFBC}") = "JobTriggerPlatform.Domain", "src\JobTriggerPlatform.Domain\JobTriggerPlatform.Domain.csproj", "{E32F46F6-D2C5-4E4D-9C5E-9E1C9A3958F9}"
EndProject
Project("{FAE04EC0-301F-11D3-BF4B-00C04F79EFBC}") = "JobTriggerPlatform.Application", "src\JobTriggerPlatform.Application\JobTriggerPlatform.Application.csproj", "{E2964698-8414-4EB2-96BE-5B011468F995}"
EndProject
Project("{FAE04EC0-301F-11D3-BF4B-00C04F79EFBC}") = "JobTriggerPlatform.Infrastructure", "src\JobTriggerPlatform.Infrastructure\JobTriggerPlatform.Infrastructure.csproj", "{08E55B40-B903-4BF2-A847-4B88B3B7B577}"
EndProject
Project("{FAE04EC0-301F-11D3-BF4B-00C04F79EFBC}") = "JobTriggerPlatform.WebApi", "src\JobTriggerPlatform.WebApi\JobTriggerPlatform.WebApi.csproj", "{64F39EAA-81CC-4C38-B7E5-101B8D1A4C6F}"
EndProject
Project("{FAE04EC0-301F-11D3-BF4B-00C04F79EFBC}") = "JobTriggerPlatform.Tests", "src\JobTriggerPlatform.Tests\JobTriggerPlatform.Tests.csproj", "{6B80497A-2A32-D4D4-14D2-B6F8E76785F5}"
EndProject
Global
	GlobalSection(SolutionConfigurationPlatforms) = preSolution
		Debug|Any CPU = Debug|Any CPU
		Release|Any CPU = Release|Any CPU
	EndGlobalSection
	GlobalSection(ProjectConfigurationPlatforms) = postSolution
		{E32F46F6-D2C5-4E4D-9C5E-9E1C9A3958F9}.Debug|Any CPU.ActiveCfg = Debug|Any CPU
		{E32F46F6-D2C5-4E4D-9C5E-9E1C9A3958F9}.Debug|Any CPU.Build.0 = Debug|Any CPU
		{E32F46F6-D2C5-4E4D-9C5E-9E1C9A3958F9}.Release|Any CPU.ActiveCfg = Release|Any CPU
		{E32F46F6-D2C5-4E4D-9C5E-9E1C9A3958F9}.Release|Any CPU.Build.0 = Release|Any CPU
		{E2964698-8414-4EB2-96BE-5B011468F995}.Debug|Any CPU.ActiveCfg = Debug|Any CPU
		{E2964698-8414-4EB2-96BE-5B011468F995}.Debug|Any CPU.Build.0 = Debug|Any CPU
		{E2964698-8414-4EB2-96BE-5B011468F995}.Release|Any CPU.ActiveCfg = Release|Any CPU
		{E2964698-8414-4EB2-96BE-5B011468F995}.Release|Any CPU.Build.0 = Release|Any CPU
		{08E55B40-B903-4BF2-A847-4B88B3B7B577}.Debug|Any CPU.ActiveCfg = Debug|Any CPU
		{08E55B40-B903-4BF2-A847-4B88B3B7B577}.Debug|Any CPU.Build.0 = Debug|Any CPU
		{08E55B40-B903-4BF2-A847-4B88B3B7B577}.Release|Any CPU.ActiveCfg = Release|Any CPU
		{08E55B40-B903-4BF2-A847-4B88B3B7B577}.Release|Any CPU.Build.0 = Release|Any CPU
		{64F39EAA-81CC-4C38-B7E5-101B8D1A4C6F}.Debug|Any CPU.ActiveCfg = Debug|Any CPU
		{64F39EAA-81CC-4C38-B7E5-101B8D1A4C6F}.Debug|Any CPU.Build.0 = Debug|Any CPU
		{64F39EAA-81CC-4C38-B7E5-101B8D1A4C6F}.Release|Any CPU.ActiveCfg = Release|Any CPU
		{64F39EAA-81CC-4C38-B7E5-101B8D1A4C6F}.Release|Any CPU.Build.0 = Release|Any CPU
		{6B80497A-2A32-D4D4-14D2-B6F8E76785F5}.Debug|Any CPU.ActiveCfg = Debug|Any CPU
		{6B80497A-2A32-D4D4-14D2-B6F8E76785F5}.Debug|Any CPU.Build.0 = Debug|Any CPU
		{6B80497A-2A32-D4D4-14D2-B6F8E76785F5}.Release|Any CPU.ActiveCfg = Release|Any CPU
		{6B80497A-2A32-D4D4-14D2-B6F8E76785F5}.Release|Any CPU.Build.0 = Release|Any CPU
	EndGlobalSection
	GlobalSection(SolutionProperties) = preSolution
		HideSolutionNode = FALSE
	EndGlobalSection
	GlobalSection(NestedProjects) = preSolution
		{E32F46F6-D2C5-4E4D-9C5E-9E1C9A3958F9} = {9A19103F-16F7-4668-BE54-9A1E7A4F7556}
		{E2964698-8414-4EB2-96BE-5B011468F995} = {9A19103F-16F7-4668-BE54-9A1E7A4F7556}
		{08E55B40-B903-4BF2-A847-4B88B3B7B577} = {9A19103F-16F7-4668-BE54-9A1E7A4F7556}
		{64F39EAA-81CC-4C38-B7E5-101B8D1A4C6F} = {9A19103F-16F7-4668-BE54-9A1E7A4F7556}
		{6B80497A-2A32-D4D4-14D2-B6F8E76785F5} = {9A19103F-16F7-4668-BE54-9A1E7A4F7556}
	EndGlobalSection
	GlobalSection(ExtensibilityGlobals) = postSolution
		SolutionGuid = {56E6AB83-C8E8-4C12-A3D4-F5C7B49C3520}
	EndGlobalSection
EndGlobal
